
Microsoft Visual Studio Solution File, Format Version 12.00
# Visual Studio 15
VisualStudioVersion = 15.0.27703.2035
MinimumVisualStudioVersion = 10.0.40219.1
Project("{FAE04EC0-301F-11D3-BF4B-00C04F79EFBC}") = "TheFinalTesting", "TheFinalTesting\TheFinalTesting.csproj", "{07CAA34B-08EF-4D0B-AF57-533A93E231CB}"
EndProject
Project("{FAE04EC0-301F-11D3-BF4B-00C04F79EFBC}") = "XuxzLib", "XuxzLib\XuxzLib.csproj", "{3DADFB0B-AFD5-46B2-87AF-C6D94F99A2D0}"
EndProject
Project("{FAE04EC0-301F-11D3-BF4B-00C04F79EFBC}") = "PssInstrument", "PssInstrument\PssInstrument.csproj", "{B09A33AA-4630-47F2-B906-940F931F1093}"
EndProject
Project("{FAE04EC0-301F-11D3-BF4B-00C04F79EFBC}") = "ConsoleApp1", "ConsoleApp1\ConsoleApp1.csproj", "{2B75BC0E-E21F-4DDD-8B58-24DE9BD3D050}"
EndProject
Project("{8BC9CEB8-8B4A-11D0-8D11-00A0C91BC942}") = "CProject", "CProject\CProject.vcxproj", "{77756187-01AD-42CC-8F4C-9EBFBFAFCD6D}"
EndProject
Project("{FAE04EC0-301F-11D3-BF4B-00C04F79EFBC}") = "PssHighLowTemperature", "PssHighLowTemperature\PssHighLowTemperature.csproj", "{F571C1BD-9044-4741-AE97-CB191CF5E66D}"
EndProject
Global
	GlobalSection(SolutionConfigurationPlatforms) = preSolution
		Debug|Any CPU = Debug|Any CPU
		Debug|x64 = Debug|x64
		Debug|x86 = Debug|x86
		Release|Any CPU = Release|Any CPU
		Release|x64 = Release|x64
		Release|x86 = Release|x86
	EndGlobalSection
	GlobalSection(ProjectConfigurationPlatforms) = postSolution
		{07CAA34B-08EF-4D0B-AF57-533A93E231CB}.Debug|Any CPU.ActiveCfg = Debug|Any CPU
		{07CAA34B-08EF-4D0B-AF57-533A93E231CB}.Debug|Any CPU.Build.0 = Debug|Any CPU
		{07CAA34B-08EF-4D0B-AF57-533A93E231CB}.Debug|x64.ActiveCfg = Debug|Any CPU
		{07CAA34B-08EF-4D0B-AF57-533A93E231CB}.Debug|x64.Build.0 = Debug|Any CPU
		{07CAA34B-08EF-4D0B-AF57-533A93E231CB}.Debug|x86.ActiveCfg = Debug|x86
		{07CAA34B-08EF-4D0B-AF57-533A93E231CB}.Debug|x86.Build.0 = Debug|x86
		{07CAA34B-08EF-4D0B-AF57-533A93E231CB}.Release|Any CPU.ActiveCfg = Release|Any CPU
		{07CAA34B-08EF-4D0B-AF57-533A93E231CB}.Release|Any CPU.Build.0 = Release|Any CPU
		{07CAA34B-08EF-4D0B-AF57-533A93E231CB}.Release|x64.ActiveCfg = Release|Any CPU
		{07CAA34B-08EF-4D0B-AF57-533A93E231CB}.Release|x64.Build.0 = Release|Any CPU
		{07CAA34B-08EF-4D0B-AF57-533A93E231CB}.Release|x86.ActiveCfg = Release|x86
		{07CAA34B-08EF-4D0B-AF57-533A93E231CB}.Release|x86.Build.0 = Release|x86
		{3DADFB0B-AFD5-46B2-87AF-C6D94F99A2D0}.Debug|Any CPU.ActiveCfg = Debug|Any CPU
		{3DADFB0B-AFD5-46B2-87AF-C6D94F99A2D0}.Debug|Any CPU.Build.0 = Debug|Any CPU
		{3DADFB0B-AFD5-46B2-87AF-C6D94F99A2D0}.Debug|x64.ActiveCfg = Debug|Any CPU
		{3DADFB0B-AFD5-46B2-87AF-C6D94F99A2D0}.Debug|x64.Build.0 = Debug|Any CPU
		{3DADFB0B-AFD5-46B2-87AF-C6D94F99A2D0}.Debug|x86.ActiveCfg = Debug|x86
		{3DADFB0B-AFD5-46B2-87AF-C6D94F99A2D0}.Debug|x86.Build.0 = Debug|x86
		{3DADFB0B-AFD5-46B2-87AF-C6D94F99A2D0}.Release|Any CPU.ActiveCfg = Release|Any CPU
		{3DADFB0B-AFD5-46B2-87AF-C6D94F99A2D0}.Release|Any CPU.Build.0 = Release|Any CPU
		{3DADFB0B-AFD5-46B2-87AF-C6D94F99A2D0}.Release|x64.ActiveCfg = Release|Any CPU
		{3DADFB0B-AFD5-46B2-87AF-C6D94F99A2D0}.Release|x64.Build.0 = Release|Any CPU
		{3DADFB0B-AFD5-46B2-87AF-C6D94F99A2D0}.Release|x86.ActiveCfg = Release|x86
		{3DADFB0B-AFD5-46B2-87AF-C6D94F99A2D0}.Release|x86.Build.0 = Release|x86
		{B09A33AA-4630-47F2-B906-940F931F1093}.Debug|Any CPU.ActiveCfg = Debug|Any CPU
		{B09A33AA-4630-47F2-B906-940F931F1093}.Debug|Any CPU.Build.0 = Debug|Any CPU
		{B09A33AA-4630-47F2-B906-940F931F1093}.Debug|x64.ActiveCfg = Debug|Any CPU
		{B09A33AA-4630-47F2-B906-940F931F1093}.Debug|x64.Build.0 = Debug|Any CPU
		{B09A33AA-4630-47F2-B906-940F931F1093}.Debug|x86.ActiveCfg = Debug|x86
		{B09A33AA-4630-47F2-B906-940F931F1093}.Debug|x86.Build.0 = Debug|x86
		{B09A33AA-4630-47F2-B906-940F931F1093}.Release|Any CPU.ActiveCfg = Release|Any CPU
		{B09A33AA-4630-47F2-B906-940F931F1093}.Release|Any CPU.Build.0 = Release|Any CPU
		{B09A33AA-4630-47F2-B906-940F931F1093}.Release|x64.ActiveCfg = Release|Any CPU
		{B09A33AA-4630-47F2-B906-940F931F1093}.Release|x64.Build.0 = Release|Any CPU
		{B09A33AA-4630-47F2-B906-940F931F1093}.Release|x86.ActiveCfg = Release|x86
		{B09A33AA-4630-47F2-B906-940F931F1093}.Release|x86.Build.0 = Release|x86
		{2B75BC0E-E21F-4DDD-8B58-24DE9BD3D050}.Debug|Any CPU.ActiveCfg = Debug|Any CPU
		{2B75BC0E-E21F-4DDD-8B58-24DE9BD3D050}.Debug|Any CPU.Build.0 = Debug|Any CPU
		{2B75BC0E-E21F-4DDD-8B58-24DE9BD3D050}.Debug|x64.ActiveCfg = Debug|Any CPU
		{2B75BC0E-E21F-4DDD-8B58-24DE9BD3D050}.Debug|x64.Build.0 = Debug|Any CPU
		{2B75BC0E-E21F-4DDD-8B58-24DE9BD3D050}.Debug|x86.ActiveCfg = Debug|x86
		{2B75BC0E-E21F-4DDD-8B58-24DE9BD3D050}.Debug|x86.Build.0 = Debug|x86
		{2B75BC0E-E21F-4DDD-8B58-24DE9BD3D050}.Release|Any CPU.ActiveCfg = Release|Any CPU
		{2B75BC0E-E21F-4DDD-8B58-24DE9BD3D050}.Release|Any CPU.Build.0 = Release|Any CPU
		{2B75BC0E-E21F-4DDD-8B58-24DE9BD3D050}.Release|x64.ActiveCfg = Release|Any CPU
		{2B75BC0E-E21F-4DDD-8B58-24DE9BD3D050}.Release|x64.Build.0 = Release|Any CPU
		{2B75BC0E-E21F-4DDD-8B58-24DE9BD3D050}.Release|x86.ActiveCfg = Release|x86
		{2B75BC0E-E21F-4DDD-8B58-24DE9BD3D050}.Release|x86.Build.0 = Release|x86
		{77756187-01AD-42CC-8F4C-9EBFBFAFCD6D}.Debug|Any CPU.ActiveCfg = Debug|Win32
		{77756187-01AD-42CC-8F4C-9EBFBFAFCD6D}.Debug|x64.ActiveCfg = Debug|x64
		{77756187-01AD-42CC-8F4C-9EBFBFAFCD6D}.Debug|x64.Build.0 = Debug|x64
		{77756187-01AD-42CC-8F4C-9EBFBFAFCD6D}.Debug|x86.ActiveCfg = Debug|Win32
		{77756187-01AD-42CC-8F4C-9EBFBFAFCD6D}.Debug|x86.Build.0 = Debug|Win32
		{77756187-01AD-42CC-8F4C-9EBFBFAFCD6D}.Release|Any CPU.ActiveCfg = Release|Win32
		{77756187-01AD-42CC-8F4C-9EBFBFAFCD6D}.Release|x64.ActiveCfg = Release|x64
		{77756187-01AD-42CC-8F4C-9EBFBFAFCD6D}.Release|x64.Build.0 = Release|x64
		{77756187-01AD-42CC-8F4C-9EBFBFAFCD6D}.Release|x86.ActiveCfg = Release|Win32
		{77756187-01AD-42CC-8F4C-9EBFBFAFCD6D}.Release|x86.Build.0 = Release|Win32
		{F571C1BD-9044-4741-AE97-CB191CF5E66D}.Debug|Any CPU.ActiveCfg = Debug|Any CPU
		{F571C1BD-9044-4741-AE97-CB191CF5E66D}.Debug|Any CPU.Build.0 = Debug|Any CPU
		{F571C1BD-9044-4741-AE97-CB191CF5E66D}.Debug|x64.ActiveCfg = Debug|Any CPU
		{F571C1BD-9044-4741-AE97-CB191CF5E66D}.Debug|x64.Build.0 = Debug|Any CPU
		{F571C1BD-9044-4741-AE97-CB191CF5E66D}.Debug|x86.ActiveCfg = Debug|Any CPU
		{F571C1BD-9044-4741-AE97-CB191CF5E66D}.Debug|x86.Build.0 = Debug|Any CPU
		{F571C1BD-9044-4741-AE97-CB191CF5E66D}.Release|Any CPU.ActiveCfg = Release|Any CPU
		{F571C1BD-9044-4741-AE97-CB191CF5E66D}.Release|Any CPU.Build.0 = Release|Any CPU
		{F571C1BD-9044-4741-AE97-CB191CF5E66D}.Release|x64.ActiveCfg = Release|Any CPU
		{F571C1BD-9044-4741-AE97-CB191CF5E66D}.Release|x64.Build.0 = Release|Any CPU
		{F571C1BD-9044-4741-AE97-CB191CF5E66D}.Release|x86.ActiveCfg = Release|Any CPU
		{F571C1BD-9044-4741-AE97-CB191CF5E66D}.Release|x86.Build.0 = Release|Any CPU
	EndGlobalSection
	GlobalSection(SolutionProperties) = preSolution
		HideSolutionNode = FALSE
	EndGlobalSection
	GlobalSection(ExtensibilityGlobals) = postSolution
		SolutionGuid = {336388A1-B3EE-4724-BE52-6FDA1D268AFF}
	EndGlobalSection
EndGlobal
